
Microsoft Visual Studio Solution File, Format Version 12.00
# Visual Studio Version 16
VisualStudioVersion = 16.0.31321.278
MinimumVisualStudioVersion = 10.0.40219.1
Project("{9A19103F-16F7-4668-BE54-9A1E7A4F7556}") = "CoreDalamud", "CoreDalamud\CoreDalamud.csproj", "{043F1FAC-7ADD-4447-A326-A5D91D05C334}"
EndProject
Project("{8BC9CEB8-8B4A-11D0-8D11-00A0C91BC942}") = "CoreNative", "CoreNative\CoreNative.vcxproj", "{76C096E6-BE3B-4C46-9930-AB97A97FD885}"
	ProjectSection(ProjectDependencies) = postProject
		{F142A341-5EE0-442D-A15F-98AE9B48DBAE} = {F142A341-5EE0-442D-A15F-98AE9B48DBAE}
	EndProjectSection
EndProject
Project("{8BC9CEB8-8B4A-11D0-8D11-00A0C91BC942}") = "libMinHook", "external\minhook\build\VC16\libMinHook.vcxproj", "{F142A341-5EE0-442D-A15F-98AE9B48DBAE}"
EndProject
Project("{2150E333-8FDC-42A3-9474-1A3956D46DE8}") = "external", "external", "{D9A4CA2D-83A7-4280-97A6-EA4849D690FD}"
EndProject
Global
	GlobalSection(SolutionConfigurationPlatforms) = preSolution
		Debug|Any CPU = Debug|Any CPU
		Debug|x64 = Debug|x64
		Debug|x86 = Debug|x86
		MinSizeRel|Any CPU = MinSizeRel|Any CPU
		MinSizeRel|x64 = MinSizeRel|x64
		MinSizeRel|x86 = MinSizeRel|x86
		Release|Any CPU = Release|Any CPU
		Release|x64 = Release|x64
		Release|x86 = Release|x86
		RelWithDebInfo|Any CPU = RelWithDebInfo|Any CPU
		RelWithDebInfo|x64 = RelWithDebInfo|x64
		RelWithDebInfo|x86 = RelWithDebInfo|x86
	EndGlobalSection
	GlobalSection(ProjectConfigurationPlatforms) = postSolution
		{043F1FAC-7ADD-4447-A326-A5D91D05C334}.Debug|Any CPU.ActiveCfg = Debug|Any CPU
		{043F1FAC-7ADD-4447-A326-A5D91D05C334}.Debug|Any CPU.Build.0 = Debug|Any CPU
		{043F1FAC-7ADD-4447-A326-A5D91D05C334}.Debug|x64.ActiveCfg = Debug|Any CPU
		{043F1FAC-7ADD-4447-A326-A5D91D05C334}.Debug|x64.Build.0 = Debug|Any CPU
		{043F1FAC-7ADD-4447-A326-A5D91D05C334}.Debug|x86.ActiveCfg = Debug|Any CPU
		{043F1FAC-7ADD-4447-A326-A5D91D05C334}.Debug|x86.Build.0 = Debug|Any CPU
		{043F1FAC-7ADD-4447-A326-A5D91D05C334}.MinSizeRel|Any CPU.ActiveCfg = Release|Any CPU
		{043F1FAC-7ADD-4447-A326-A5D91D05C334}.MinSizeRel|Any CPU.Build.0 = Release|Any CPU
		{043F1FAC-7ADD-4447-A326-A5D91D05C334}.MinSizeRel|x64.ActiveCfg = Release|Any CPU
		{043F1FAC-7ADD-4447-A326-A5D91D05C334}.MinSizeRel|x64.Build.0 = Release|Any CPU
		{043F1FAC-7ADD-4447-A326-A5D91D05C334}.MinSizeRel|x86.ActiveCfg = Release|Any CPU
		{043F1FAC-7ADD-4447-A326-A5D91D05C334}.MinSizeRel|x86.Build.0 = Release|Any CPU
		{043F1FAC-7ADD-4447-A326-A5D91D05C334}.Release|Any CPU.ActiveCfg = Release|Any CPU
		{043F1FAC-7ADD-4447-A326-A5D91D05C334}.Release|Any CPU.Build.0 = Release|Any CPU
		{043F1FAC-7ADD-4447-A326-A5D91D05C334}.Release|x64.ActiveCfg = Release|Any CPU
		{043F1FAC-7ADD-4447-A326-A5D91D05C334}.Release|x64.Build.0 = Release|Any CPU
		{043F1FAC-7ADD-4447-A326-A5D91D05C334}.Release|x86.ActiveCfg = Release|Any CPU
		{043F1FAC-7ADD-4447-A326-A5D91D05C334}.Release|x86.Build.0 = Release|Any CPU
		{043F1FAC-7ADD-4447-A326-A5D91D05C334}.RelWithDebInfo|Any CPU.ActiveCfg = Release|Any CPU
		{043F1FAC-7ADD-4447-A326-A5D91D05C334}.RelWithDebInfo|Any CPU.Build.0 = Release|Any CPU
		{043F1FAC-7ADD-4447-A326-A5D91D05C334}.RelWithDebInfo|x64.ActiveCfg = Release|Any CPU
		{043F1FAC-7ADD-4447-A326-A5D91D05C334}.RelWithDebInfo|x64.Build.0 = Release|Any CPU
		{043F1FAC-7ADD-4447-A326-A5D91D05C334}.RelWithDebInfo|x86.ActiveCfg = Release|Any CPU
		{043F1FAC-7ADD-4447-A326-A5D91D05C334}.RelWithDebInfo|x86.Build.0 = Release|Any CPU
		{76C096E6-BE3B-4C46-9930-AB97A97FD885}.Debug|Any CPU.ActiveCfg = Debug|Win32
		{76C096E6-BE3B-4C46-9930-AB97A97FD885}.Debug|Any CPU.Build.0 = Debug|Win32
		{76C096E6-BE3B-4C46-9930-AB97A97FD885}.Debug|x64.ActiveCfg = Debug|x64
		{76C096E6-BE3B-4C46-9930-AB97A97FD885}.Debug|x64.Build.0 = Debug|x64
		{76C096E6-BE3B-4C46-9930-AB97A97FD885}.Debug|x86.ActiveCfg = Debug|Win32
		{76C096E6-BE3B-4C46-9930-AB97A97FD885}.Debug|x86.Build.0 = Debug|Win32
		{76C096E6-BE3B-4C46-9930-AB97A97FD885}.MinSizeRel|Any CPU.ActiveCfg = Release|x64
		{76C096E6-BE3B-4C46-9930-AB97A97FD885}.MinSizeRel|Any CPU.Build.0 = Release|x64
		{76C096E6-BE3B-4C46-9930-AB97A97FD885}.MinSizeRel|x64.ActiveCfg = Release|x64
		{76C096E6-BE3B-4C46-9930-AB97A97FD885}.MinSizeRel|x64.Build.0 = Release|x64
		{76C096E6-BE3B-4C46-9930-AB97A97FD885}.MinSizeRel|x86.ActiveCfg = Release|Win32
		{76C096E6-BE3B-4C46-9930-AB97A97FD885}.MinSizeRel|x86.Build.0 = Release|Win32
		{76C096E6-BE3B-4C46-9930-AB97A97FD885}.Release|Any CPU.ActiveCfg = Release|Win32
		{76C096E6-BE3B-4C46-9930-AB97A97FD885}.Release|Any CPU.Build.0 = Release|Win32
		{76C096E6-BE3B-4C46-9930-AB97A97FD885}.Release|x64.ActiveCfg = Release|x64
		{76C096E6-BE3B-4C46-9930-AB97A97FD885}.Release|x64.Build.0 = Release|x64
		{76C096E6-BE3B-4C46-9930-AB97A97FD885}.Release|x86.ActiveCfg = Release|Win32
		{76C096E6-BE3B-4C46-9930-AB97A97FD885}.Release|x86.Build.0 = Release|Win32
		{76C096E6-BE3B-4C46-9930-AB97A97FD885}.RelWithDebInfo|Any CPU.ActiveCfg = Release|x64
		{76C096E6-BE3B-4C46-9930-AB97A97FD885}.RelWithDebInfo|Any CPU.Build.0 = Release|x64
		{76C096E6-BE3B-4C46-9930-AB97A97FD885}.RelWithDebInfo|x64.ActiveCfg = Release|x64
		{76C096E6-BE3B-4C46-9930-AB97A97FD885}.RelWithDebInfo|x64.Build.0 = Release|x64
		{76C096E6-BE3B-4C46-9930-AB97A97FD885}.RelWithDebInfo|x86.ActiveCfg = Release|Win32
		{76C096E6-BE3B-4C46-9930-AB97A97FD885}.RelWithDebInfo|x86.Build.0 = Release|Win32
		{F142A341-5EE0-442D-A15F-98AE9B48DBAE}.Debug|Any CPU.ActiveCfg = Debug|Win32
		{F142A341-5EE0-442D-A15F-98AE9B48DBAE}.Debug|x64.ActiveCfg = Debug|x64
		{F142A341-5EE0-442D-A15F-98AE9B48DBAE}.Debug|x64.Build.0 = Debug|x64
		{F142A341-5EE0-442D-A15F-98AE9B48DBAE}.Debug|x86.ActiveCfg = Debug|Win32
		{F142A341-5EE0-442D-A15F-98AE9B48DBAE}.Debug|x86.Build.0 = Debug|Win32
		{F142A341-5EE0-442D-A15F-98AE9B48DBAE}.MinSizeRel|Any CPU.ActiveCfg = Debug|Win32
		{F142A341-5EE0-442D-A15F-98AE9B48DBAE}.MinSizeRel|Any CPU.Build.0 = Debug|Win32
		{F142A341-5EE0-442D-A15F-98AE9B48DBAE}.MinSizeRel|x64.ActiveCfg = Debug|x64
		{F142A341-5EE0-442D-A15F-98AE9B48DBAE}.MinSizeRel|x64.Build.0 = Debug|x64
		{F142A341-5EE0-442D-A15F-98AE9B48DBAE}.MinSizeRel|x86.ActiveCfg = Debug|Win32
		{F142A341-5EE0-442D-A15F-98AE9B48DBAE}.MinSizeRel|x86.Build.0 = Debug|Win32
		{F142A341-5EE0-442D-A15F-98AE9B48DBAE}.Release|Any CPU.ActiveCfg = Release|Win32
		{F142A341-5EE0-442D-A15F-98AE9B48DBAE}.Release|x64.ActiveCfg = Release|x64
		{F142A341-5EE0-442D-A15F-98AE9B48DBAE}.Release|x64.Build.0 = Release|x64
		{F142A341-5EE0-442D-A15F-98AE9B48DBAE}.Release|x86.ActiveCfg = Release|Win32
		{F142A341-5EE0-442D-A15F-98AE9B48DBAE}.Release|x86.Build.0 = Release|Win32
		{F142A341-5EE0-442D-A15F-98AE9B48DBAE}.RelWithDebInfo|Any CPU.ActiveCfg = Debug|Win32
		{F142A341-5EE0-442D-A15F-98AE9B48DBAE}.RelWithDebInfo|Any CPU.Build.0 = Debug|Win32
		{F142A341-5EE0-442D-A15F-98AE9B48DBAE}.RelWithDebInfo|x64.ActiveCfg = Release|x64
		{F142A341-5EE0-442D-A15F-98AE9B48DBAE}.RelWithDebInfo|x64.Build.0 = Release|x64
		{F142A341-5EE0-442D-A15F-98AE9B48DBAE}.RelWithDebInfo|x86.ActiveCfg = Release|Win32
		{F142A341-5EE0-442D-A15F-98AE9B48DBAE}.RelWithDebInfo|x86.Build.0 = Release|Win32
	EndGlobalSection
	GlobalSection(SolutionProperties) = preSolution
		HideSolutionNode = FALSE
	EndGlobalSection
	GlobalSection(NestedProjects) = preSolution
		{F142A341-5EE0-442D-A15F-98AE9B48DBAE} = {D9A4CA2D-83A7-4280-97A6-EA4849D690FD}
	EndGlobalSection
	GlobalSection(ExtensibilityGlobals) = postSolution
		SolutionGuid = {0BB39023-FAC3-4833-B533-01CADC7DF28F}
	EndGlobalSection
EndGlobal
